// !$*UTF8*$!
{
	archiveVersion = 1;
	classes = {
	};
	objectVersion = 77;
	objects = {

/* Begin PBXBuildFile section */
		7C2BDB772D0DE58D00973472 /* Transformers in Frameworks */ = {isa = PBXBuildFile; productRef = 7C2BDB762D0DE58D00973472 /* Transformers */; };
/* End PBXBuildFile section */

/* Begin PBXContainerItemProxy section */
		7CEF00EC2D010F9A009E0BE4 /* PBXContainerItemProxy */ = {
			isa = PBXContainerItemProxy;
			containerPortal = 7CEF00D02D010F99009E0BE4 /* Project object */;
			proxyType = 1;
			remoteGlobalIDString = 7CEF00D72D010F99009E0BE4;
			remoteInfo = Avicenna;
		};
		7CEF00F62D010F9A009E0BE4 /* PBXContainerItemProxy */ = {
			isa = PBXContainerItemProxy;
			containerPortal = 7CEF00D02D010F99009E0BE4 /* Project object */;
			proxyType = 1;
			remoteGlobalIDString = 7CEF00D72D010F99009E0BE4;
			remoteInfo = Avicenna;
		};
/* End PBXContainerItemProxy section */

/* Begin PBXFileReference section */
		7CEF00D82D010F99009E0BE4 /* Avicenna.app */ = {isa = PBXFileReference; explicitFileType = wrapper.application; includeInIndex = 0; path = Avicenna.app; sourceTree = BUILT_PRODUCTS_DIR; };
		7CEF00EB2D010F9A009E0BE4 /* AvicennaTests.xctest */ = {isa = PBXFileReference; explicitFileType = wrapper.cfbundle; includeInIndex = 0; path = AvicennaTests.xctest; sourceTree = BUILT_PRODUCTS_DIR; };
		7CEF00F52D010F9A009E0BE4 /* AvicennaUITests.xctest */ = {isa = PBXFileReference; explicitFileType = wrapper.cfbundle; includeInIndex = 0; path = AvicennaUITests.xctest; sourceTree = BUILT_PRODUCTS_DIR; };
/* End PBXFileReference section */

/* Begin PBXFileSystemSynchronizedBuildFileExceptionSet section */
		7CCB87612D20D55200AD8A75 /* Exceptions for "Avicenna" folder in "Avicenna" target */ = {
			isa = PBXFileSystemSynchronizedBuildFileExceptionSet;
			membershipExceptions = (
				Info.plist,
			);
			target = 7CEF00D72D010F99009E0BE4 /* Avicenna */;
		};
/* End PBXFileSystemSynchronizedBuildFileExceptionSet section */

/* Begin PBXFileSystemSynchronizedRootGroup section */
		7CEF00DA2D010F99009E0BE4 /* Avicenna */ = {
			isa = PBXFileSystemSynchronizedRootGroup;
			exceptions = (
				7CCB87612D20D55200AD8A75 /* Exceptions for "Avicenna" folder in "Avicenna" target */,
			);
			path = Avicenna;
			sourceTree = "<group>";
		};
		7CEF00EE2D010F9A009E0BE4 /* AvicennaTests */ = {
			isa = PBXFileSystemSynchronizedRootGroup;
			path = AvicennaTests;
			sourceTree = "<group>";
		};
		7CEF00F82D010F9A009E0BE4 /* AvicennaUITests */ = {
			isa = PBXFileSystemSynchronizedRootGroup;
			path = AvicennaUITests;
			sourceTree = "<group>";
		};
/* End PBXFileSystemSynchronizedRootGroup section */

/* Begin PBXFrameworksBuildPhase section */
		7CEF00D52D010F99009E0BE4 /* Frameworks */ = {
			isa = PBXFrameworksBuildPhase;
			buildActionMask = 2147483647;
			files = (
				7C2BDB772D0DE58D00973472 /* Transformers in Frameworks */,
			);
			runOnlyForDeploymentPostprocessing = 0;
		};
		7CEF00E82D010F9A009E0BE4 /* Frameworks */ = {
			isa = PBXFrameworksBuildPhase;
			buildActionMask = 2147483647;
			files = (
			);
			runOnlyForDeploymentPostprocessing = 0;
		};
		7CEF00F22D010F9A009E0BE4 /* Frameworks */ = {
			isa = PBXFrameworksBuildPhase;
			buildActionMask = 2147483647;
			files = (
			);
			runOnlyForDeploymentPostprocessing = 0;
		};
/* End PBXFrameworksBuildPhase section */

/* Begin PBXGroup section */
		7C2BDB752D0DE56200973472 /* Frameworks */ = {
			isa = PBXGroup;
			children = (
			);
			name = Frameworks;
			sourceTree = "<group>";
		};
		7CEF00CF2D010F99009E0BE4 = {
			isa = PBXGroup;
			children = (
				7CEF00DA2D010F99009E0BE4 /* Avicenna */,
				7CEF00EE2D010F9A009E0BE4 /* AvicennaTests */,
				7CEF00F82D010F9A009E0BE4 /* AvicennaUITests */,
				7C2BDB752D0DE56200973472 /* Frameworks */,
				7CEF00D92D010F99009E0BE4 /* Products */,
			);
			sourceTree = "<group>";
		};
		7CEF00D92D010F99009E0BE4 /* Products */ = {
			isa = PBXGroup;
			children = (
				7CEF00D82D010F99009E0BE4 /* Avicenna.app */,
				7CEF00EB2D010F9A009E0BE4 /* AvicennaTests.xctest */,
				7CEF00F52D010F9A009E0BE4 /* AvicennaUITests.xctest */,
			);
			name = Products;
			sourceTree = "<group>";
		};
/* End PBXGroup section */

/* Begin PBXNativeTarget section */
		7CEF00D72D010F99009E0BE4 /* Avicenna */ = {
			isa = PBXNativeTarget;
			buildConfigurationList = 7CEF00FF2D010F9A009E0BE4 /* Build configuration list for PBXNativeTarget "Avicenna" */;
			buildPhases = (
				7CEF00D42D010F99009E0BE4 /* Sources */,
				7CEF00D52D010F99009E0BE4 /* Frameworks */,
				7CEF00D62D010F99009E0BE4 /* Resources */,
			);
			buildRules = (
			);
			dependencies = (
			);
			fileSystemSynchronizedGroups = (
				7CEF00DA2D010F99009E0BE4 /* Avicenna */,
			);
			name = Avicenna;
			packageProductDependencies = (
				7C2BDB762D0DE58D00973472 /* Transformers */,
			);
			productName = Avicenna;
			productReference = 7CEF00D82D010F99009E0BE4 /* Avicenna.app */;
			productType = "com.apple.product-type.application";
		};
		7CEF00EA2D010F9A009E0BE4 /* AvicennaTests */ = {
			isa = PBXNativeTarget;
			buildConfigurationList = 7CEF01022D010F9A009E0BE4 /* Build configuration list for PBXNativeTarget "AvicennaTests" */;
			buildPhases = (
				7CEF00E72D010F9A009E0BE4 /* Sources */,
				7CEF00E82D010F9A009E0BE4 /* Frameworks */,
				7CEF00E92D010F9A009E0BE4 /* Resources */,
			);
			buildRules = (
			);
			dependencies = (
				7CEF00ED2D010F9A009E0BE4 /* PBXTargetDependency */,
			);
			fileSystemSynchronizedGroups = (
				7CEF00EE2D010F9A009E0BE4 /* AvicennaTests */,
			);
			name = AvicennaTests;
			packageProductDependencies = (
			);
			productName = AvicennaTests;
			productReference = 7CEF00EB2D010F9A009E0BE4 /* AvicennaTests.xctest */;
			productType = "com.apple.product-type.bundle.unit-test";
		};
		7CEF00F42D010F9A009E0BE4 /* AvicennaUITests */ = {
			isa = PBXNativeTarget;
			buildConfigurationList = 7CEF01052D010F9A009E0BE4 /* Build configuration list for PBXNativeTarget "AvicennaUITests" */;
			buildPhases = (
				7CEF00F12D010F9A009E0BE4 /* Sources */,
				7CEF00F22D010F9A009E0BE4 /* Frameworks */,
				7CEF00F32D010F9A009E0BE4 /* Resources */,
			);
			buildRules = (
			);
			dependencies = (
				7CEF00F72D010F9A009E0BE4 /* PBXTargetDependency */,
			);
			fileSystemSynchronizedGroups = (
				7CEF00F82D010F9A009E0BE4 /* AvicennaUITests */,
			);
			name = AvicennaUITests;
			packageProductDependencies = (
			);
			productName = AvicennaUITests;
			productReference = 7CEF00F52D010F9A009E0BE4 /* AvicennaUITests.xctest */;
			productType = "com.apple.product-type.bundle.ui-testing";
		};
/* End PBXNativeTarget section */

/* Begin PBXProject section */
		7CEF00D02D010F99009E0BE4 /* Project object */ = {
			isa = PBXProject;
			attributes = {
				BuildIndependentTargetsInParallel = 1;
				LastSwiftUpdateCheck = 1600;
				LastUpgradeCheck = 1600;
				TargetAttributes = {
					7CEF00D72D010F99009E0BE4 = {
						CreatedOnToolsVersion = 16.0;
					};
					7CEF00EA2D010F9A009E0BE4 = {
						CreatedOnToolsVersion = 16.0;
						TestTargetID = 7CEF00D72D010F99009E0BE4;
					};
					7CEF00F42D010F9A009E0BE4 = {
						CreatedOnToolsVersion = 16.0;
						TestTargetID = 7CEF00D72D010F99009E0BE4;
					};
				};
			};
			buildConfigurationList = 7CEF00D32D010F99009E0BE4 /* Build configuration list for PBXProject "Avicenna" */;
			developmentRegion = en;
			hasScannedForEncodings = 0;
			knownRegions = (
				en,
				Base,
			);
			mainGroup = 7CEF00CF2D010F99009E0BE4;
			minimizedProjectReferenceProxies = 1;
			packageReferences = (
				7C2BDB742D0DE44500973472 /* XCRemoteSwiftPackageReference "swift-transformers" */,
			);
			preferredProjectObjectVersion = 77;
			productRefGroup = 7CEF00D92D010F99009E0BE4 /* Products */;
			projectDirPath = "";
			projectRoot = "";
			targets = (
				7CEF00D72D010F99009E0BE4 /* Avicenna */,
				7CEF00EA2D010F9A009E0BE4 /* AvicennaTests */,
				7CEF00F42D010F9A009E0BE4 /* AvicennaUITests */,
			);
		};
/* End PBXProject section */

/* Begin PBXResourcesBuildPhase section */
		7CEF00D62D010F99009E0BE4 /* Resources */ = {
			isa = PBXResourcesBuildPhase;
			buildActionMask = 2147483647;
			files = (
			);
			runOnlyForDeploymentPostprocessing = 0;
		};
		7CEF00E92D010F9A009E0BE4 /* Resources */ = {
			isa = PBXResourcesBuildPhase;
			buildActionMask = 2147483647;
			files = (
			);
			runOnlyForDeploymentPostprocessing = 0;
		};
		7CEF00F32D010F9A009E0BE4 /* Resources */ = {
			isa = PBXResourcesBuildPhase;
			buildActionMask = 2147483647;
			files = (
			);
			runOnlyForDeploymentPostprocessing = 0;
		};
/* End PBXResourcesBuildPhase section */

/* Begin PBXSourcesBuildPhase section */
		7CEF00D42D010F99009E0BE4 /* Sources */ = {
			isa = PBXSourcesBuildPhase;
			buildActionMask = 2147483647;
			files = (
			);
			runOnlyForDeploymentPostprocessing = 0;
		};
		7CEF00E72D010F9A009E0BE4 /* Sources */ = {
			isa = PBXSourcesBuildPhase;
			buildActionMask = 2147483647;
			files = (
			);
			runOnlyForDeploymentPostprocessing = 0;
		};
		7CEF00F12D010F9A009E0BE4 /* Sources */ = {
			isa = PBXSourcesBuildPhase;
			buildActionMask = 2147483647;
			files = (
			);
			runOnlyForDeploymentPostprocessing = 0;
		};
/* End PBXSourcesBuildPhase section */

/* Begin PBXTargetDependency section */
		7CEF00ED2D010F9A009E0BE4 /* PBXTargetDependency */ = {
			isa = PBXTargetDependency;
			target = 7CEF00D72D010F99009E0BE4 /* Avicenna */;
			targetProxy = 7CEF00EC2D010F9A009E0BE4 /* PBXContainerItemProxy */;
		};
		7CEF00F72D010F9A009E0BE4 /* PBXTargetDependency */ = {
			isa = PBXTargetDependency;
			target = 7CEF00D72D010F99009E0BE4 /* Avicenna */;
			targetProxy = 7CEF00F62D010F9A009E0BE4 /* PBXContainerItemProxy */;
		};
/* End PBXTargetDependency section */

/* Begin XCBuildConfiguration section */
		7CEF00FD2D010F9A009E0BE4 /* Debug */ = {
			isa = XCBuildConfiguration;
			buildSettings = {
				ALWAYS_SEARCH_USER_PATHS = NO;
				ASSETCATALOG_COMPILER_GENERATE_SWIFT_ASSET_SYMBOL_EXTENSIONS = YES;
				CLANG_ANALYZER_NONNULL = YES;
				CLANG_ANALYZER_NUMBER_OBJECT_CONVERSION = YES_AGGRESSIVE;
				CLANG_CXX_LANGUAGE_STANDARD = "gnu++20";
				CLANG_ENABLE_MODULES = YES;
				CLANG_ENABLE_OBJC_ARC = YES;
				CLANG_ENABLE_OBJC_WEAK = YES;
				CLANG_WARN_BLOCK_CAPTURE_AUTORELEASING = YES;
				CLANG_WARN_BOOL_CONVERSION = YES;
				CLANG_WARN_COMMA = YES;
				CLANG_WARN_CONSTANT_CONVERSION = YES;
				CLANG_WARN_DEPRECATED_OBJC_IMPLEMENTATIONS = YES;
				CLANG_WARN_DIRECT_OBJC_ISA_USAGE = YES_ERROR;
				CLANG_WARN_DOCUMENTATION_COMMENTS = YES;
				CLANG_WARN_EMPTY_BODY = YES;
				CLANG_WARN_ENUM_CONVERSION = YES;
				CLANG_WARN_INFINITE_RECURSION = YES;
				CLANG_WARN_INT_CONVERSION = YES;
				CLANG_WARN_NON_LITERAL_NULL_CONVERSION = YES;
				CLANG_WARN_OBJC_IMPLICIT_RETAIN_SELF = YES;
				CLANG_WARN_OBJC_LITERAL_CONVERSION = YES;
				CLANG_WARN_OBJC_ROOT_CLASS = YES_ERROR;
				CLANG_WARN_QUOTED_INCLUDE_IN_FRAMEWORK_HEADER = YES;
				CLANG_WARN_RANGE_LOOP_ANALYSIS = YES;
				CLANG_WARN_STRICT_PROTOTYPES = YES;
				CLANG_WARN_SUSPICIOUS_MOVE = YES;
				CLANG_WARN_UNGUARDED_AVAILABILITY = YES_AGGRESSIVE;
				CLANG_WARN_UNREACHABLE_CODE = YES;
				CLANG_WARN__DUPLICATE_METHOD_MATCH = YES;
				COPY_PHASE_STRIP = NO;
				DEBUG_INFORMATION_FORMAT = dwarf;
				ENABLE_STRICT_OBJC_MSGSEND = YES;
				ENABLE_TESTABILITY = YES;
				ENABLE_USER_SCRIPT_SANDBOXING = YES;
				GCC_C_LANGUAGE_STANDARD = gnu17;
				GCC_DYNAMIC_NO_PIC = NO;
				GCC_NO_COMMON_BLOCKS = YES;
				GCC_OPTIMIZATION_LEVEL = 0;
				GCC_PREPROCESSOR_DEFINITIONS = (
					"DEBUG=1",
					"$(inherited)",
				);
				GCC_WARN_64_TO_32_BIT_CONVERSION = YES;
				GCC_WARN_ABOUT_RETURN_TYPE = YES_ERROR;
				GCC_WARN_UNDECLARED_SELECTOR = YES;
				GCC_WARN_UNINITIALIZED_AUTOS = YES_AGGRESSIVE;
				GCC_WARN_UNUSED_FUNCTION = YES;
				GCC_WARN_UNUSED_VARIABLE = YES;
				LOCALIZATION_PREFERS_STRING_CATALOGS = YES;
				MTL_ENABLE_DEBUG_INFO = INCLUDE_SOURCE;
				MTL_FAST_MATH = YES;
				ONLY_ACTIVE_ARCH = YES;
				SWIFT_ACTIVE_COMPILATION_CONDITIONS = "DEBUG $(inherited)";
				SWIFT_OPTIMIZATION_LEVEL = "-Onone";
			};
			name = Debug;
		};
		7CEF00FE2D010F9A009E0BE4 /* Release */ = {
			isa = XCBuildConfiguration;
			buildSettings = {
				ALWAYS_SEARCH_USER_PATHS = NO;
				ASSETCATALOG_COMPILER_GENERATE_SWIFT_ASSET_SYMBOL_EXTENSIONS = YES;
				CLANG_ANALYZER_NONNULL = YES;
				CLANG_ANALYZER_NUMBER_OBJECT_CONVERSION = YES_AGGRESSIVE;
				CLANG_CXX_LANGUAGE_STANDARD = "gnu++20";
				CLANG_ENABLE_MODULES = YES;
				CLANG_ENABLE_OBJC_ARC = YES;
				CLANG_ENABLE_OBJC_WEAK = YES;
				CLANG_WARN_BLOCK_CAPTURE_AUTORELEASING = YES;
				CLANG_WARN_BOOL_CONVERSION = YES;
				CLANG_WARN_COMMA = YES;
				CLANG_WARN_CONSTANT_CONVERSION = YES;
				CLANG_WARN_DEPRECATED_OBJC_IMPLEMENTATIONS = YES;
				CLANG_WARN_DIRECT_OBJC_ISA_USAGE = YES_ERROR;
				CLANG_WARN_DOCUMENTATION_COMMENTS = YES;
				CLANG_WARN_EMPTY_BODY = YES;
				CLANG_WARN_ENUM_CONVERSION = YES;
				CLANG_WARN_INFINITE_RECURSION = YES;
				CLANG_WARN_INT_CONVERSION = YES;
				CLANG_WARN_NON_LITERAL_NULL_CONVERSION = YES;
				CLANG_WARN_OBJC_IMPLICIT_RETAIN_SELF = YES;
				CLANG_WARN_OBJC_LITERAL_CONVERSION = YES;
				CLANG_WARN_OBJC_ROOT_CLASS = YES_ERROR;
				CLANG_WARN_QUOTED_INCLUDE_IN_FRAMEWORK_HEADER = YES;
				CLANG_WARN_RANGE_LOOP_ANALYSIS = YES;
				CLANG_WARN_STRICT_PROTOTYPES = YES;
				CLANG_WARN_SUSPICIOUS_MOVE = YES;
				CLANG_WARN_UNGUARDED_AVAILABILITY = YES_AGGRESSIVE;
				CLANG_WARN_UNREACHABLE_CODE = YES;
				CLANG_WARN__DUPLICATE_METHOD_MATCH = YES;
				COPY_PHASE_STRIP = NO;
				DEBUG_INFORMATION_FORMAT = "dwarf-with-dsym";
				ENABLE_NS_ASSERTIONS = NO;
				ENABLE_STRICT_OBJC_MSGSEND = YES;
				ENABLE_USER_SCRIPT_SANDBOXING = YES;
				GCC_C_LANGUAGE_STANDARD = gnu17;
				GCC_NO_COMMON_BLOCKS = YES;
				GCC_WARN_64_TO_32_BIT_CONVERSION = YES;
				GCC_WARN_ABOUT_RETURN_TYPE = YES_ERROR;
				GCC_WARN_UNDECLARED_SELECTOR = YES;
				GCC_WARN_UNINITIALIZED_AUTOS = YES_AGGRESSIVE;
				GCC_WARN_UNUSED_FUNCTION = YES;
				GCC_WARN_UNUSED_VARIABLE = YES;
				LOCALIZATION_PREFERS_STRING_CATALOGS = YES;
				MTL_ENABLE_DEBUG_INFO = NO;
				MTL_FAST_MATH = YES;
				SWIFT_COMPILATION_MODE = wholemodule;
			};
			name = Release;
		};
		7CEF01002D010F9A009E0BE4 /* Debug */ = {
			isa = XCBuildConfiguration;
			buildSettings = {
				ASSETCATALOG_COMPILER_APPICON_NAME = AppIcon;
				ASSETCATALOG_COMPILER_GLOBAL_ACCENT_COLOR_NAME = AccentColor;
				CODE_SIGN_ENTITLEMENTS = Avicenna/Avicenna.entitlements;
				CODE_SIGN_STYLE = Automatic;
				CURRENT_PROJECT_VERSION = 1;
				DEVELOPMENT_ASSET_PATHS = "\"Avicenna/Preview Content\"";
				ENABLE_PREVIEWS = YES;
				GENERATE_INFOPLIST_FILE = YES;
				INFOPLIST_FILE = Avicenna/Info.plist;
				"INFOPLIST_KEY_UIApplicationSceneManifest_Generation[sdk=iphoneos*]" = YES;
				"INFOPLIST_KEY_UIApplicationSceneManifest_Generation[sdk=iphonesimulator*]" = YES;
				"INFOPLIST_KEY_UIApplicationSupportsIndirectInputEvents[sdk=iphoneos*]" = YES;
				"INFOPLIST_KEY_UIApplicationSupportsIndirectInputEvents[sdk=iphonesimulator*]" = YES;
				"INFOPLIST_KEY_UILaunchScreen_Generation[sdk=iphoneos*]" = YES;
				"INFOPLIST_KEY_UILaunchScreen_Generation[sdk=iphonesimulator*]" = YES;
				"INFOPLIST_KEY_UIStatusBarStyle[sdk=iphoneos*]" = UIStatusBarStyleDefault;
				"INFOPLIST_KEY_UIStatusBarStyle[sdk=iphonesimulator*]" = UIStatusBarStyleDefault;
				INFOPLIST_KEY_UISupportedInterfaceOrientations_iPad = "UIInterfaceOrientationPortrait UIInterfaceOrientationPortraitUpsideDown UIInterfaceOrientationLandscapeLeft UIInterfaceOrientationLandscapeRight";
				INFOPLIST_KEY_UISupportedInterfaceOrientations_iPhone = "UIInterfaceOrientationPortrait UIInterfaceOrientationLandscapeLeft UIInterfaceOrientationLandscapeRight";
				IPHONEOS_DEPLOYMENT_TARGET = 18.0;
				LD_RUNPATH_SEARCH_PATHS = "@executable_path/Frameworks";
				"LD_RUNPATH_SEARCH_PATHS[sdk=macosx*]" = "@executable_path/../Frameworks";
				MACOSX_DEPLOYMENT_TARGET = 14.0;
				MARKETING_VERSION = 1.0;
				PRODUCT_BUNDLE_IDENTIFIER = asciitech.Avicenna;
				PRODUCT_NAME = "$(TARGET_NAME)";
				SDKROOT = auto;
				SUPPORTED_PLATFORMS = "iphoneos iphonesimulator macosx xros xrsimulator";
				SWIFT_EMIT_LOC_STRINGS = YES;
				SWIFT_VERSION = 5.0;
				TARGETED_DEVICE_FAMILY = "1,2,7";
				XROS_DEPLOYMENT_TARGET = 2.0;
			};
			name = Debug;
		};
		7CEF01012D010F9A009E0BE4 /* Release */ = {
			isa = XCBuildConfiguration;
			buildSettings = {
				ASSETCATALOG_COMPILER_APPICON_NAME = AppIcon;
				ASSETCATALOG_COMPILER_GLOBAL_ACCENT_COLOR_NAME = AccentColor;
				CODE_SIGN_ENTITLEMENTS = Avicenna/Avicenna.entitlements;
				CODE_SIGN_STYLE = Automatic;
				CURRENT_PROJECT_VERSION = 1;
				DEVELOPMENT_ASSET_PATHS = "\"Avicenna/Preview Content\"";
				ENABLE_PREVIEWS = YES;
				GENERATE_INFOPLIST_FILE = YES;
				INFOPLIST_FILE = Avicenna/Info.plist;
				"INFOPLIST_KEY_UIApplicationSceneManifest_Generation[sdk=iphoneos*]" = YES;
				"INFOPLIST_KEY_UIApplicationSceneManifest_Generation[sdk=iphonesimulator*]" = YES;
				"INFOPLIST_KEY_UIApplicationSupportsIndirectInputEvents[sdk=iphoneos*]" = YES;
				"INFOPLIST_KEY_UIApplicationSupportsIndirectInputEvents[sdk=iphonesimulator*]" = YES;
				"INFOPLIST_KEY_UILaunchScreen_Generation[sdk=iphoneos*]" = YES;
				"INFOPLIST_KEY_UILaunchScreen_Generation[sdk=iphonesimulator*]" = YES;
				"INFOPLIST_KEY_UIStatusBarStyle[sdk=iphoneos*]" = UIStatusBarStyleDefault;
				"INFOPLIST_KEY_UIStatusBarStyle[sdk=iphonesimulator*]" = UIStatusBarStyleDefault;
				INFOPLIST_KEY_UISupportedInterfaceOrientations_iPad = "UIInterfaceOrientationPortrait UIInterfaceOrientationPortraitUpsideDown UIInterfaceOrientationLandscapeLeft UIInterfaceOrientationLandscapeRight";
				INFOPLIST_KEY_UISupportedInterfaceOrientations_iPhone = "UIInterfaceOrientationPortrait UIInterfaceOrientationLandscapeLeft UIInterfaceOrientationLandscapeRight";
				IPHONEOS_DEPLOYMENT_TARGET = 18.0;
				LD_RUNPATH_SEARCH_PATHS = "@executable_path/Frameworks";
				"LD_RUNPATH_SEARCH_PATHS[sdk=macosx*]" = "@executable_path/../Frameworks";
				MACOSX_DEPLOYMENT_TARGET = 14.0;
				MARKETING_VERSION = 1.0;
				PRODUCT_BUNDLE_IDENTIFIER = asciitech.Avicenna;
				PRODUCT_NAME = "$(TARGET_NAME)";
				SDKROOT = auto;
				SUPPORTED_PLATFORMS = "iphoneos iphonesimulator macosx xros xrsimulator";
				SWIFT_EMIT_LOC_STRINGS = YES;
				SWIFT_VERSION = 5.0;
				TARGETED_DEVICE_FAMILY = "1,2,7";
				XROS_DEPLOYMENT_TARGET = 2.0;
			};
			name = Release;
		};
		7CEF01032D010F9A009E0BE4 /* Debug */ = {
			isa = XCBuildConfiguration;
			buildSettings = {
				BUNDLE_LOADER = "$(TEST_HOST)";
				CODE_SIGN_STYLE = Automatic;
				CURRENT_PROJECT_VERSION = 1;
				GENERATE_INFOPLIST_FILE = YES;
				IPHONEOS_DEPLOYMENT_TARGET = 18.0;
				MACOSX_DEPLOYMENT_TARGET = 15.0;
				MARKETING_VERSION = 1.0;
				PRODUCT_BUNDLE_IDENTIFIER = asciitech.AvicennaTests;
				PRODUCT_NAME = "$(TARGET_NAME)";
				SDKROOT = auto;
				SUPPORTED_PLATFORMS = "iphoneos iphonesimulator macosx xros xrsimulator";
				SWIFT_EMIT_LOC_STRINGS = NO;
				SWIFT_VERSION = 5.0;
				TARGETED_DEVICE_FAMILY = "1,2,7";
				TEST_HOST = "$(BUILT_PRODUCTS_DIR)/Avicenna.app/$(BUNDLE_EXECUTABLE_FOLDER_PATH)/Avicenna";
				XROS_DEPLOYMENT_TARGET = 2.0;
			};
			name = Debug;
		};
		7CEF01042D010F9A009E0BE4 /* Release */ = {
			isa = XCBuildConfiguration;
			buildSettings = {
				BUNDLE_LOADER = "$(TEST_HOST)";
				CODE_SIGN_STYLE = Automatic;
				CURRENT_PROJECT_VERSION = 1;
				GENERATE_INFOPLIST_FILE = YES;
				IPHONEOS_DEPLOYMENT_TARGET = 18.0;
				MACOSX_DEPLOYMENT_TARGET = 15.0;
				MARKETING_VERSION = 1.0;
				PRODUCT_BUNDLE_IDENTIFIER = asciitech.AvicennaTests;
				PRODUCT_NAME = "$(TARGET_NAME)";
				SDKROOT = auto;
				SUPPORTED_PLATFORMS = "iphoneos iphonesimulator macosx xros xrsimulator";
				SWIFT_EMIT_LOC_STRINGS = NO;
				SWIFT_VERSION = 5.0;
				TARGETED_DEVICE_FAMILY = "1,2,7";
				TEST_HOST = "$(BUILT_PRODUCTS_DIR)/Avicenna.app/$(BUNDLE_EXECUTABLE_FOLDER_PATH)/Avicenna";
				XROS_DEPLOYMENT_TARGET = 2.0;
			};
			name = Release;
		};
		7CEF01062D010F9A009E0BE4 /* Debug */ = {
			isa = XCBuildConfiguration;
			buildSettings = {
				CODE_SIGN_STYLE = Automatic;
				CURRENT_PROJECT_VERSION = 1;
				GENERATE_INFOPLIST_FILE = YES;
				IPHONEOS_DEPLOYMENT_TARGET = 18.0;
				MACOSX_DEPLOYMENT_TARGET = 15.0;
				MARKETING_VERSION = 1.0;
				PRODUCT_BUNDLE_IDENTIFIER = asciitech.AvicennaUITests;
				PRODUCT_NAME = "$(TARGET_NAME)";
				SDKROOT = auto;
				SUPPORTED_PLATFORMS = "iphoneos iphonesimulator macosx xros xrsimulator";
				SWIFT_EMIT_LOC_STRINGS = NO;
				SWIFT_VERSION = 5.0;
				TARGETED_DEVICE_FAMILY = "1,2,7";
				TEST_TARGET_NAME = Avicenna;
				XROS_DEPLOYMENT_TARGET = 2.0;
			};
			name = Debug;
		};
		7CEF01072D010F9A009E0BE4 /* Release */ = {
			isa = XCBuildConfiguration;
			buildSettings = {
				CODE_SIGN_STYLE = Automatic;
				CURRENT_PROJECT_VERSION = 1;
				GENERATE_INFOPLIST_FILE = YES;
				IPHONEOS_DEPLOYMENT_TARGET = 18.0;
				MACOSX_DEPLOYMENT_TARGET = 15.0;
				MARKETING_VERSION = 1.0;
				PRODUCT_BUNDLE_IDENTIFIER = asciitech.AvicennaUITests;
				PRODUCT_NAME = "$(TARGET_NAME)";
				SDKROOT = auto;
				SUPPORTED_PLATFORMS = "iphoneos iphonesimulator macosx xros xrsimulator";
				SWIFT_EMIT_LOC_STRINGS = NO;
				SWIFT_VERSION = 5.0;
				TARGETED_DEVICE_FAMILY = "1,2,7";
				TEST_TARGET_NAME = Avicenna;
				XROS_DEPLOYMENT_TARGET = 2.0;
			};
			name = Release;
		};
/* End XCBuildConfiguration section */

/* Begin XCConfigurationList section */
		7CEF00D32D010F99009E0BE4 /* Build configuration list for PBXProject "Avicenna" */ = {
			isa = XCConfigurationList;
			buildConfigurations = (
				7CEF00FD2D010F9A009E0BE4 /* Debug */,
				7CEF00FE2D010F9A009E0BE4 /* Release */,
			);
			defaultConfigurationIsVisible = 0;
			defaultConfigurationName = Release;
		};
		7CEF00FF2D010F9A009E0BE4 /* Build configuration list for PBXNativeTarget "Avicenna" */ = {
			isa = XCConfigurationList;
			buildConfigurations = (
				7CEF01002D010F9A009E0BE4 /* Debug */,
				7CEF01012D010F9A009E0BE4 /* Release */,
			);
			defaultConfigurationIsVisible = 0;
			defaultConfigurationName = Release;
		};
		7CEF01022D010F9A009E0BE4 /* Build configuration list for PBXNativeTarget "AvicennaTests" */ = {
			isa = XCConfigurationList;
			buildConfigurations = (
				7CEF01032D010F9A009E0BE4 /* Debug */,
				7CEF01042D010F9A009E0BE4 /* Release */,
			);
			defaultConfigurationIsVisible = 0;
			defaultConfigurationName = Release;
		};
		7CEF01052D010F9A009E0BE4 /* Build configuration list for PBXNativeTarget "AvicennaUITests" */ = {
			isa = XCConfigurationList;
			buildConfigurations = (
				7CEF01062D010F9A009E0BE4 /* Debug */,
				7CEF01072D010F9A009E0BE4 /* Release */,
			);
			defaultConfigurationIsVisible = 0;
			defaultConfigurationName = Release;
		};
/* End XCConfigurationList section */

/* Begin XCRemoteSwiftPackageReference section */
		7C2BDB742D0DE44500973472 /* XCRemoteSwiftPackageReference "swift-transformers" */ = {
			isa = XCRemoteSwiftPackageReference;
			repositoryURL = "https://github.com/huggingface/swift-transformers";
			requirement = {
				kind = upToNextMajorVersion;
				minimumVersion = 0.1.14;
			};
		};
/* End XCRemoteSwiftPackageReference section */

/* Begin XCSwiftPackageProductDependency section */
		7C2BDB762D0DE58D00973472 /* Transformers */ = {
			isa = XCSwiftPackageProductDependency;
			package = 7C2BDB742D0DE44500973472 /* XCRemoteSwiftPackageReference "swift-transformers" */;
			productName = Transformers;
		};
/* End XCSwiftPackageProductDependency section */
	};
	rootObject = 7CEF00D02D010F99009E0BE4 /* Project object */;
}
